// !$*UTF8*$!
{
	archiveVersion = 1;
	classes = {
	};
	objectVersion = 50;
	objects = {

/* Begin PBXBuildFile section */
		F8C58E6E25B960E80032FACA /* AppDelegate.swift in Sources */ = {isa = PBXBuildFile; fileRef = F8C58E6D25B960E80032FACA /* AppDelegate.swift */; };
		F8C58E7025B960E80032FACA /* SceneDelegate.swift in Sources */ = {isa = PBXBuildFile; fileRef = F8C58E6F25B960E80032FACA /* SceneDelegate.swift */; };
		F8C58E7225B960E80032FACA /* ViewController.swift in Sources */ = {isa = PBXBuildFile; fileRef = F8C58E7125B960E80032FACA /* ViewController.swift */; };
		F8C58E7525B960E80032FACA /* Main.storyboard in Resources */ = {isa = PBXBuildFile; fileRef = F8C58E7325B960E80032FACA /* Main.storyboard */; };
		F8C58E7725B960EC0032FACA /* Assets.xcassets in Resources */ = {isa = PBXBuildFile; fileRef = F8C58E7625B960EC0032FACA /* Assets.xcassets */; };
		F8C58E7A25B960EC0032FACA /* LaunchScreen.storyboard in Resources */ = {isa = PBXBuildFile; fileRef = F8C58E7825B960EC0032FACA /* LaunchScreen.storyboard */; };
/* End PBXBuildFile section */

/* Begin PBXFileReference section */
		F8C58E6A25B960E80032FACA /* RxSwiftTutorial-iOS.app */ = {isa = PBXFileReference; explicitFileType = wrapper.application; includeInIndex = 0; path = "RxSwiftTutorial-iOS.app"; sourceTree = BUILT_PRODUCTS_DIR; };
		F8C58E6D25B960E80032FACA /* AppDelegate.swift */ = {isa = PBXFileReference; lastKnownFileType = sourcecode.swift; path = AppDelegate.swift; sourceTree = "<group>"; };
		F8C58E6F25B960E80032FACA /* SceneDelegate.swift */ = {isa = PBXFileReference; lastKnownFileType = sourcecode.swift; path = SceneDelegate.swift; sourceTree = "<group>"; };
		F8C58E7125B960E80032FACA /* ViewController.swift */ = {isa = PBXFileReference; lastKnownFileType = sourcecode.swift; path = ViewController.swift; sourceTree = "<group>"; };
		F8C58E7425B960E80032FACA /* Base */ = {isa = PBXFileReference; lastKnownFileType = file.storyboard; name = Base; path = Base.lproj/Main.storyboard; sourceTree = "<group>"; };
		F8C58E7625B960EC0032FACA /* Assets.xcassets */ = {isa = PBXFileReference; lastKnownFileType = folder.assetcatalog; path = Assets.xcassets; sourceTree = "<group>"; };
		F8C58E7925B960EC0032FACA /* Base */ = {isa = PBXFileReference; lastKnownFileType = file.storyboard; name = Base; path = Base.lproj/LaunchScreen.storyboard; sourceTree = "<group>"; };
		F8C58E7B25B960EC0032FACA /* Info.plist */ = {isa = PBXFileReference; lastKnownFileType = text.plist.xml; path = Info.plist; sourceTree = "<group>"; };
/* End PBXFileReference section */

/* Begin PBXFrameworksBuildPhase section */
		F8C58E6725B960E80032FACA /* Frameworks */ = {
			isa = PBXFrameworksBuildPhase;
			buildActionMask = 2147483647;
			files = (
			);
			runOnlyForDeploymentPostprocessing = 0;
		};
/* End PBXFrameworksBuildPhase section */

/* Begin PBXGroup section */
		F8C58E6125B960E70032FACA = {
			isa = PBXGroup;
			children = (
				F8C58E6C25B960E80032FACA /* RxSwiftTutorial-iOS */,
				F8C58E6B25B960E80032FACA /* Products */,
			);
			sourceTree = "<group>";
		};
		F8C58E6B25B960E80032FACA /* Products */ = {
			isa = PBXGroup;
			children = (
				F8C58E6A25B960E80032FACA /* RxSwiftTutorial-iOS.app */,
			);
			name = Products;
			sourceTree = "<group>";
		};
		F8C58E6C25B960E80032FACA /* RxSwiftTutorial-iOS */ = {
			isa = PBXGroup;
			children = (
				F8C58E6D25B960E80032FACA /* AppDelegate.swift */,
				F8C58E6F25B960E80032FACA /* SceneDelegate.swift */,
				F8C58E7125B960E80032FACA /* ViewController.swift */,
				F8C58E7325B960E80032FACA /* Main.storyboard */,
				F8C58E7625B960EC0032FACA /* Assets.xcassets */,
				F8C58E7825B960EC0032FACA /* LaunchScreen.storyboard */,
				F8C58E7B25B960EC0032FACA /* Info.plist */,
			);
			path = "RxSwiftTutorial-iOS";
			sourceTree = "<group>";
		};
/* End PBXGroup section */

/* Begin PBXNativeTarget section */
		F8C58E6925B960E80032FACA /* RxSwiftTutorial-iOS */ = {
			isa = PBXNativeTarget;
			buildConfigurationList = F8C58E7E25B960EC0032FACA /* Build configuration list for PBXNativeTarget "RxSwiftTutorial-iOS" */;
			buildPhases = (
				F8C58E6625B960E80032FACA /* Sources */,
				F8C58E6725B960E80032FACA /* Frameworks */,
				F8C58E6825B960E80032FACA /* Resources */,
			);
			buildRules = (
			);
			dependencies = (
			);
			name = "RxSwiftTutorial-iOS";
			productName = "RxSwiftTutorial-iOS";
			productReference = F8C58E6A25B960E80032FACA /* RxSwiftTutorial-iOS.app */;
			productType = "com.apple.product-type.application";
		};
/* End PBXNativeTarget section */

/* Begin PBXProject section */
		F8C58E6225B960E80032FACA /* Project object */ = {
			isa = PBXProject;
			attributes = {
				LastSwiftUpdateCheck = 1230;
				LastUpgradeCheck = 1230;
				TargetAttributes = {
					F8C58E6925B960E80032FACA = {
						CreatedOnToolsVersion = 12.3;
					};
				};
			};
			buildConfigurationList = F8C58E6525B960E80032FACA /* Build configuration list for PBXProject "RxSwiftTutorial-iOS" */;
			compatibilityVersion = "Xcode 9.3";
			developmentRegion = en;
			hasScannedForEncodings = 0;
			knownRegions = (
				en,
				Base,
			);
			mainGroup = F8C58E6125B960E70032FACA;
			productRefGroup = F8C58E6B25B960E80032FACA /* Products */;
			projectDirPath = "";
			projectRoot = "";
			targets = (
				F8C58E6925B960E80032FACA /* RxSwiftTutorial-iOS */,
			);
		};
/* End PBXProject section */

/* Begin PBXResourcesBuildPhase section */
		F8C58E6825B960E80032FACA /* Resources */ = {
			isa = PBXResourcesBuildPhase;
			buildActionMask = 2147483647;
			files = (
				F8C58E7A25B960EC0032FACA /* LaunchScreen.storyboard in Resources */,
				F8C58E7725B960EC0032FACA /* Assets.xcassets in Resources */,
				F8C58E7525B960E80032FACA /* Main.storyboard in Resources */,
			);
			runOnlyForDeploymentPostprocessing = 0;
		};
/* End PBXResourcesBuildPhase section */

/* Begin PBXSourcesBuildPhase section */
		F8C58E6625B960E80032FACA /* Sources */ = {
			isa = PBXSourcesBuildPhase;
			buildActionMask = 2147483647;
			files = (
				F8C58E7225B960E80032FACA /* ViewController.swift in Sources */,
				F8C58E6E25B960E80032FACA /* AppDelegate.swift in Sources */,
				F8C58E7025B960E80032FACA /* SceneDelegate.swift in Sources */,
			);
			runOnlyForDeploymentPostprocessing = 0;
		};
/* End PBXSourcesBuildPhase section */

/* Begin PBXVariantGroup section */
		F8C58E7325B960E80032FACA /* Main.storyboard */ = {
			isa = PBXVariantGroup;
			children = (
				F8C58E7425B960E80032FACA /* Base */,
			);
			name = Main.storyboard;
			sourceTree = "<group>";
		};
		F8C58E7825B960EC0032FACA /* LaunchScreen.storyboard */ = {
			isa = PBXVariantGroup;
			children = (
				F8C58E7925B960EC0032FACA /* Base */,
			);
			name = LaunchScreen.storyboard;
			sourceTree = "<group>";
		};
/* End PBXVariantGroup section */

/* Begin XCBuildConfiguration section */
		F8C58E7C25B960EC0032FACA /* Debug */ = {
			isa = XCBuildConfiguration;
			buildSettings = {
				ALWAYS_SEARCH_USER_PATHS = NO;
				CLANG_ANALYZER_NONNULL = YES;
				CLANG_ANALYZER_NUMBER_OBJECT_CONVERSION = YES_AGGRESSIVE;
				CLANG_CXX_LANGUAGE_STANDARD = "gnu++14";
				CLANG_CXX_LIBRARY = "libc++";
				CLANG_ENABLE_MODULES = YES;
				CLANG_ENABLE_OBJC_ARC = YES;
				CLANG_ENABLE_OBJC_WEAK = YES;
				CLANG_WARN_BLOCK_CAPTURE_AUTORELEASING = YES;
				CLANG_WARN_BOOL_CONVERSION = YES;
				CLANG_WARN_COMMA = YES;
				CLANG_WARN_CONSTANT_CONVERSION = YES;
				CLANG_WARN_DEPRECATED_OBJC_IMPLEMENTATIONS = YES;
				CLANG_WARN_DIRECT_OBJC_ISA_USAGE = YES_ERROR;
				CLANG_WARN_DOCUMENTATION_COMMENTS = YES;
				CLANG_WARN_EMPTY_BODY = YES;
				CLANG_WARN_ENUM_CONVERSION = YES;
				CLANG_WARN_INFINITE_RECURSION = YES;
				CLANG_WARN_INT_CONVERSION = YES;
				CLANG_WARN_NON_LITERAL_NULL_CONVERSION = YES;
				CLANG_WARN_OBJC_IMPLICIT_RETAIN_SELF = YES;
				CLANG_WARN_OBJC_LITERAL_CONVERSION = YES;
				CLANG_WARN_OBJC_ROOT_CLASS = YES_ERROR;
				CLANG_WARN_QUOTED_INCLUDE_IN_FRAMEWORK_HEADER = YES;
				CLANG_WARN_RANGE_LOOP_ANALYSIS = YES;
				CLANG_WARN_STRICT_PROTOTYPES = YES;
				CLANG_WARN_SUSPICIOUS_MOVE = YES;
				CLANG_WARN_UNGUARDED_AVAILABILITY = YES_AGGRESSIVE;
				CLANG_WARN_UNREACHABLE_CODE = YES;
				CLANG_WARN__DUPLICATE_METHOD_MATCH = YES;
				COPY_PHASE_STRIP = NO;
				DEBUG_INFORMATION_FORMAT = dwarf;
				ENABLE_STRICT_OBJC_MSGSEND = YES;
				ENABLE_TESTABILITY = YES;
				GCC_C_LANGUAGE_STANDARD = gnu11;
				GCC_DYNAMIC_NO_PIC = NO;
				GCC_NO_COMMON_BLOCKS = YES;
				GCC_OPTIMIZATION_LEVEL = 0;
				GCC_PREPROCESSOR_DEFINITIONS = (
					"DEBUG=1",
					"$(inherited)",
				);
				GCC_WARN_64_TO_32_BIT_CONVERSION = YES;
				GCC_WARN_ABOUT_RETURN_TYPE = YES_ERROR;
				GCC_WARN_UNDECLARED_SELECTOR = YES;
				GCC_WARN_UNINITIALIZED_AUTOS = YES_AGGRESSIVE;
				GCC_WARN_UNUSED_FUNCTION = YES;
				GCC_WARN_UNUSED_VARIABLE = YES;
				IPHONEOS_DEPLOYMENT_TARGET = 14.3;
				MTL_ENABLE_DEBUG_INFO = INCLUDE_SOURCE;
				MTL_FAST_MATH = YES;
				ONLY_ACTIVE_ARCH = YES;
				SDKROOT = iphoneos;
				SWIFT_ACTIVE_COMPILATION_CONDITIONS = DEBUG;
				SWIFT_OPTIMIZATION_LEVEL = "-Onone";
			};
			name = Debug;
		};
		F8C58E7D25B960EC0032FACA /* Release */ = {
			isa = XCBuildConfiguration;
			buildSettings = {
				ALWAYS_SEARCH_USER_PATHS = NO;
				CLANG_ANALYZER_NONNULL = YES;
				CLANG_ANALYZER_NUMBER_OBJECT_CONVERSION = YES_AGGRESSIVE;
				CLANG_CXX_LANGUAGE_STANDARD = "gnu++14";
				CLANG_CXX_LIBRARY = "libc++";
				CLANG_ENABLE_MODULES = YES;
				CLANG_ENABLE_OBJC_ARC = YES;
				CLANG_ENABLE_OBJC_WEAK = YES;
				CLANG_WARN_BLOCK_CAPTURE_AUTORELEASING = YES;
				CLANG_WARN_BOOL_CONVERSION = YES;
				CLANG_WARN_COMMA = YES;
				CLANG_WARN_CONSTANT_CONVERSION = YES;
				CLANG_WARN_DEPRECATED_OBJC_IMPLEMENTATIONS = YES;
				CLANG_WARN_DIRECT_OBJC_ISA_USAGE = YES_ERROR;
				CLANG_WARN_DOCUMENTATION_COMMENTS = YES;
				CLANG_WARN_EMPTY_BODY = YES;
				CLANG_WARN_ENUM_CONVERSION = YES;
				CLANG_WARN_INFINITE_RECURSION = YES;
				CLANG_WARN_INT_CONVERSION = YES;
				CLANG_WARN_NON_LITERAL_NULL_CONVERSION = YES;
				CLANG_WARN_OBJC_IMPLICIT_RETAIN_SELF = YES;
				CLANG_WARN_OBJC_LITERAL_CONVERSION = YES;
				CLANG_WARN_OBJC_ROOT_CLASS = YES_ERROR;
				CLANG_WARN_QUOTED_INCLUDE_IN_FRAMEWORK_HEADER = YES;
				CLANG_WARN_RANGE_LOOP_ANALYSIS = YES;
				CLANG_WARN_STRICT_PROTOTYPES = YES;
				CLANG_WARN_SUSPICIOUS_MOVE = YES;
				CLANG_WARN_UNGUARDED_AVAILABILITY = YES_AGGRESSIVE;
				CLANG_WARN_UNREACHABLE_CODE = YES;
				CLANG_WARN__DUPLICATE_METHOD_MATCH = YES;
				COPY_PHASE_STRIP = NO;
				DEBUG_INFORMATION_FORMAT = "dwarf-with-dsym";
				ENABLE_NS_ASSERTIONS = NO;
				ENABLE_STRICT_OBJC_MSGSEND = YES;
				GCC_C_LANGUAGE_STANDARD = gnu11;
				GCC_NO_COMMON_BLOCKS = YES;
				GCC_WARN_64_TO_32_BIT_CONVERSION = YES;
				GCC_WARN_ABOUT_RETURN_TYPE = YES_ERROR;
				GCC_WARN_UNDECLARED_SELECTOR = YES;
				GCC_WARN_UNINITIALIZED_AUTOS = YES_AGGRESSIVE;
				GCC_WARN_UNUSED_FUNCTION = YES;
				GCC_WARN_UNUSED_VARIABLE = YES;
				IPHONEOS_DEPLOYMENT_TARGET = 14.3;
				MTL_ENABLE_DEBUG_INFO = NO;
				MTL_FAST_MATH = YES;
				SDKROOT = iphoneos;
				SWIFT_COMPILATION_MODE = wholemodule;
				SWIFT_OPTIMIZATION_LEVEL = "-O";
				VALIDATE_PRODUCT = YES;
			};
			name = Release;
		};
		F8C58E7F25B960EC0032FACA /* Debug */ = {
			isa = XCBuildConfiguration;
			buildSettings = {
				ASSETCATALOG_COMPILER_APPICON_NAME = AppIcon;
				ASSETCATALOG_COMPILER_GLOBAL_ACCENT_COLOR_NAME = AccentColor;
				CODE_SIGN_STYLE = Automatic;
				DEVELOPMENT_TEAM = T8C9SSEX5G;
				INFOPLIST_FILE = "RxSwiftTutorial-iOS/Info.plist";
				LD_RUNPATH_SEARCH_PATHS = (
					"$(inherited)",
					"@executable_path/Frameworks",
				);
				PRODUCT_BUNDLE_IDENTIFIER = "hyun99999.RxSwiftTutorial-iOS";
				PRODUCT_NAME = "$(TARGET_NAME)";
				SWIFT_VERSION = 5.0;
				TARGETED_DEVICE_FAMILY = "1,2";
			};
			name = Debug;
		};
		F8C58E8025B960EC0032FACA /* Release */ = {
			isa = XCBuildConfiguration;
			buildSettings = {
				ASSETCATALOG_COMPILER_APPICON_NAME = AppIcon;
				ASSETCATALOG_COMPILER_GLOBAL_ACCENT_COLOR_NAME = AccentColor;
				CODE_SIGN_STYLE = Automatic;
				DEVELOPMENT_TEAM = T8C9SSEX5G;
				INFOPLIST_FILE = "RxSwiftTutorial-iOS/Info.plist";
				LD_RUNPATH_SEARCH_PATHS = (
					"$(inherited)",
					"@executable_path/Frameworks",
				);
				PRODUCT_BUNDLE_IDENTIFIER = "hyun99999.RxSwiftTutorial-iOS";
				PRODUCT_NAME = "$(TARGET_NAME)";
				SWIFT_VERSION = 5.0;
				TARGETED_DEVICE_FAMILY = "1,2";
			};
			name = Release;
		};
/* End XCBuildConfiguration section */

/* Begin XCConfigurationList section */
		F8C58E6525B960E80032FACA /* Build configuration list for PBXProject "RxSwiftTutorial-iOS" */ = {
			isa = XCConfigurationList;
			buildConfigurations = (
				F8C58E7C25B960EC0032FACA /* Debug */,
				F8C58E7D25B960EC0032FACA /* Release */,
			);
			defaultConfigurationIsVisible = 0;
			defaultConfigurationName = Release;
		};
		F8C58E7E25B960EC0032FACA /* Build configuration list for PBXNativeTarget "RxSwiftTutorial-iOS" */ = {
			isa = XCConfigurationList;
			buildConfigurations = (
				F8C58E7F25B960EC0032FACA /* Debug */,
				F8C58E8025B960EC0032FACA /* Release */,
			);
			defaultConfigurationIsVisible = 0;
			defaultConfigurationName = Release;
		};
/* End XCConfigurationList section */
	};
	rootObject = F8C58E6225B960E80032FACA /* Project object */;
}
